
Microsoft Visual Studio Solution File, Format Version 12.00
# Visual Studio Version 17
VisualStudioVersion = 17.6.33815.320
MinimumVisualStudioVersion = 10.0.40219.1
Project("{FAE04EC0-301F-11D3-BF4B-00C04F79EFBC}") = "GAMMA-GUI", "GAMMA-GUI\GAMMA-GUI.csproj", "{C63425A3-2F96-475E-BA53-85BF5C1FFDFE}"
EndProject
Global
	GlobalSection(SolutionConfigurationPlatforms) = preSolution
		Debug|Any CPU = Debug|Any CPU
		Release|Any CPU = Release|Any CPU
	EndGlobalSection
	GlobalSection(ProjectConfigurationPlatforms) = postSolution
		{C63425A3-2F96-475E-BA53-85BF5C1FFDFE}.Debug|Any CPU.ActiveCfg = Debug|Any CPU
		{C63425A3-2F96-475E-BA53-85BF5C1FFDFE}.Debug|Any CPU.Build.0 = Debug|Any CPU
		{C63425A3-2F96-475E-BA53-85BF5C1FFDFE}.Release|Any CPU.ActiveCfg = Release|Any CPU
		{C63425A3-2F96-475E-BA53-85BF5C1FFDFE}.Release|Any CPU.Build.0 = Release|Any CPU
	EndGlobalSection
	GlobalSection(SolutionProperties) = preSolution
		HideSolutionNode = FALSE
	EndGlobalSection
	GlobalSection(ExtensibilityGlobals) = postSolution
		SolutionGuid = {4619C6CC-81FA-49ED-B723-C434DB9A074C}
	EndGlobalSection
EndGlobal
